// !$*UTF8*$!
{
	archiveVersion = 1;
	classes = {
	};
	objectVersion = 46;
	objects = {

/* Begin PBXBuildFile section */
		86BE05DE1D8C67C30082F0FB /* AppDelegate.swift in Sources */ = {isa = PBXBuildFile; fileRef = 86BE05DD1D8C67C30082F0FB /* AppDelegate.swift */; };
		86BE05E01D8C67C30082F0FB /* ViewController.swift in Sources */ = {isa = PBXBuildFile; fileRef = 86BE05DF1D8C67C30082F0FB /* ViewController.swift */; };
		86BE05E31D8C67C30082F0FB /* Main.storyboard in Resources */ = {isa = PBXBuildFile; fileRef = 86BE05E11D8C67C30082F0FB /* Main.storyboard */; };
		86BE05E51D8C67C30082F0FB /* Assets.xcassets in Resources */ = {isa = PBXBuildFile; fileRef = 86BE05E41D8C67C30082F0FB /* Assets.xcassets */; };
		86BE05E81D8C67C30082F0FB /* LaunchScreen.storyboard in Resources */ = {isa = PBXBuildFile; fileRef = 86BE05E61D8C67C30082F0FB /* LaunchScreen.storyboard */; };
		86BE05F31D8C67C30082F0FB /* Assignment1Tests.swift in Sources */ = {isa = PBXBuildFile; fileRef = 86BE05F21D8C67C30082F0FB /* Assignment1Tests.swift */; };
		86BE05FE1D8C67C30082F0FB /* Assignment1UITests.swift in Sources */ = {isa = PBXBuildFile; fileRef = 86BE05FD1D8C67C30082F0FB /* Assignment1UITests.swift */; };
/* End PBXBuildFile section */

/* Begin PBXContainerItemProxy section */
		86BE05EF1D8C67C30082F0FB /* PBXContainerItemProxy */ = {
			isa = PBXContainerItemProxy;
			containerPortal = 86BE05D21D8C67C20082F0FB /* Project object */;
			proxyType = 1;
			remoteGlobalIDString = 86BE05D91D8C67C20082F0FB;
			remoteInfo = Assignment1;
		};
		86BE05FA1D8C67C30082F0FB /* PBXContainerItemProxy */ = {
			isa = PBXContainerItemProxy;
			containerPortal = 86BE05D21D8C67C20082F0FB /* Project object */;
			proxyType = 1;
			remoteGlobalIDString = 86BE05D91D8C67C20082F0FB;
			remoteInfo = Assignment1;
		};
/* End PBXContainerItemProxy section */

/* Begin PBXFileReference section */
		86BE05DA1D8C67C30082F0FB /* Assignment1.app */ = {isa = PBXFileReference; explicitFileType = wrapper.application; includeInIndex = 0; path = Assignment1.app; sourceTree = BUILT_PRODUCTS_DIR; };
		86BE05DD1D8C67C30082F0FB /* AppDelegate.swift */ = {isa = PBXFileReference; lastKnownFileType = sourcecode.swift; path = AppDelegate.swift; sourceTree = "<group>"; };
		86BE05DF1D8C67C30082F0FB /* ViewController.swift */ = {isa = PBXFileReference; lastKnownFileType = sourcecode.swift; path = ViewController.swift; sourceTree = "<group>"; };
		86BE05E21D8C67C30082F0FB /* Base */ = {isa = PBXFileReference; lastKnownFileType = file.storyboard; name = Base; path = Base.lproj/Main.storyboard; sourceTree = "<group>"; };
		86BE05E41D8C67C30082F0FB /* Assets.xcassets */ = {isa = PBXFileReference; lastKnownFileType = folder.assetcatalog; path = Assets.xcassets; sourceTree = "<group>"; };
		86BE05E71D8C67C30082F0FB /* Base */ = {isa = PBXFileReference; lastKnownFileType = file.storyboard; name = Base; path = Base.lproj/LaunchScreen.storyboard; sourceTree = "<group>"; };
		86BE05E91D8C67C30082F0FB /* Info.plist */ = {isa = PBXFileReference; lastKnownFileType = text.plist.xml; path = Info.plist; sourceTree = "<group>"; };
		86BE05EE1D8C67C30082F0FB /* Assignment1Tests.xctest */ = {isa = PBXFileReference; explicitFileType = wrapper.cfbundle; includeInIndex = 0; path = Assignment1Tests.xctest; sourceTree = BUILT_PRODUCTS_DIR; };
		86BE05F21D8C67C30082F0FB /* Assignment1Tests.swift */ = {isa = PBXFileReference; lastKnownFileType = sourcecode.swift; path = Assignment1Tests.swift; sourceTree = "<group>"; };
		86BE05F41D8C67C30082F0FB /* Info.plist */ = {isa = PBXFileReference; lastKnownFileType = text.plist.xml; path = Info.plist; sourceTree = "<group>"; };
		86BE05F91D8C67C30082F0FB /* Assignment1UITests.xctest */ = {isa = PBXFileReference; explicitFileType = wrapper.cfbundle; includeInIndex = 0; path = Assignment1UITests.xctest; sourceTree = BUILT_PRODUCTS_DIR; };
		86BE05FD1D8C67C30082F0FB /* Assignment1UITests.swift */ = {isa = PBXFileReference; lastKnownFileType = sourcecode.swift; path = Assignment1UITests.swift; sourceTree = "<group>"; };
		86BE05FF1D8C67C30082F0FB /* Info.plist */ = {isa = PBXFileReference; lastKnownFileType = text.plist.xml; path = Info.plist; sourceTree = "<group>"; };
/* End PBXFileReference section */

/* Begin PBXFrameworksBuildPhase section */
		86BE05D71D8C67C20082F0FB /* Frameworks */ = {
			isa = PBXFrameworksBuildPhase;
			buildActionMask = 2147483647;
			files = (
			);
			runOnlyForDeploymentPostprocessing = 0;
		};
		86BE05EB1D8C67C30082F0FB /* Frameworks */ = {
			isa = PBXFrameworksBuildPhase;
			buildActionMask = 2147483647;
			files = (
			);
			runOnlyForDeploymentPostprocessing = 0;
		};
		86BE05F61D8C67C30082F0FB /* Frameworks */ = {
			isa = PBXFrameworksBuildPhase;
			buildActionMask = 2147483647;
			files = (
			);
			runOnlyForDeploymentPostprocessing = 0;
		};
/* End PBXFrameworksBuildPhase section */

/* Begin PBXGroup section */
		86BE05D11D8C67C20082F0FB = {
			isa = PBXGroup;
			children = (
				86BE05DC1D8C67C30082F0FB /* Assignment1 */,
				86BE05F11D8C67C30082F0FB /* Assignment1Tests */,
				86BE05FC1D8C67C30082F0FB /* Assignment1UITests */,
				86BE05DB1D8C67C30082F0FB /* Products */,
			);
			sourceTree = "<group>";
		};
		86BE05DB1D8C67C30082F0FB /* Products */ = {
			isa = PBXGroup;
			children = (
				86BE05DA1D8C67C30082F0FB /* Assignment1.app */,
				86BE05EE1D8C67C30082F0FB /* Assignment1Tests.xctest */,
				86BE05F91D8C67C30082F0FB /* Assignment1UITests.xctest */,
			);
			name = Products;
			sourceTree = "<group>";
		};
		86BE05DC1D8C67C30082F0FB /* Assignment1 */ = {
			isa = PBXGroup;
			children = (
				86BE05DD1D8C67C30082F0FB /* AppDelegate.swift */,
				86BE05DF1D8C67C30082F0FB /* ViewController.swift */,
				86BE05E11D8C67C30082F0FB /* Main.storyboard */,
				86BE05E41D8C67C30082F0FB /* Assets.xcassets */,
				86BE05E61D8C67C30082F0FB /* LaunchScreen.storyboard */,
				86BE05E91D8C67C30082F0FB /* Info.plist */,
			);
			path = Assignment1;
			sourceTree = "<group>";
		};
		86BE05F11D8C67C30082F0FB /* Assignment1Tests */ = {
			isa = PBXGroup;
			children = (
				86BE05F21D8C67C30082F0FB /* Assignment1Tests.swift */,
				86BE05F41D8C67C30082F0FB /* Info.plist */,
			);
			path = Assignment1Tests;
			sourceTree = "<group>";
		};
		86BE05FC1D8C67C30082F0FB /* Assignment1UITests */ = {
			isa = PBXGroup;
			children = (
				86BE05FD1D8C67C30082F0FB /* Assignment1UITests.swift */,
				86BE05FF1D8C67C30082F0FB /* Info.plist */,
			);
			path = Assignment1UITests;
			sourceTree = "<group>";
		};
/* End PBXGroup section */

/* Begin PBXNativeTarget section */
		86BE05D91D8C67C20082F0FB /* Assignment1 */ = {
			isa = PBXNativeTarget;
			buildConfigurationList = 86BE06021D8C67C30082F0FB /* Build configuration list for PBXNativeTarget "Assignment1" */;
			buildPhases = (
				86BE05D61D8C67C20082F0FB /* Sources */,
				86BE05D71D8C67C20082F0FB /* Frameworks */,
				86BE05D81D8C67C20082F0FB /* Resources */,
			);
			buildRules = (
			);
			dependencies = (
			);
			name = Assignment1;
			productName = Assignment1;
			productReference = 86BE05DA1D8C67C30082F0FB /* Assignment1.app */;
			productType = "com.apple.product-type.application";
		};
		86BE05ED1D8C67C30082F0FB /* Assignment1Tests */ = {
			isa = PBXNativeTarget;
			buildConfigurationList = 86BE06051D8C67C30082F0FB /* Build configuration list for PBXNativeTarget "Assignment1Tests" */;
			buildPhases = (
				86BE05EA1D8C67C30082F0FB /* Sources */,
				86BE05EB1D8C67C30082F0FB /* Frameworks */,
				86BE05EC1D8C67C30082F0FB /* Resources */,
			);
			buildRules = (
			);
			dependencies = (
				86BE05F01D8C67C30082F0FB /* PBXTargetDependency */,
			);
			name = Assignment1Tests;
			productName = Assignment1Tests;
			productReference = 86BE05EE1D8C67C30082F0FB /* Assignment1Tests.xctest */;
			productType = "com.apple.product-type.bundle.unit-test";
		};
		86BE05F81D8C67C30082F0FB /* Assignment1UITests */ = {
			isa = PBXNativeTarget;
			buildConfigurationList = 86BE06081D8C67C30082F0FB /* Build configuration list for PBXNativeTarget "Assignment1UITests" */;
			buildPhases = (
				86BE05F51D8C67C30082F0FB /* Sources */,
				86BE05F61D8C67C30082F0FB /* Frameworks */,
				86BE05F71D8C67C30082F0FB /* Resources */,
			);
			buildRules = (
			);
			dependencies = (
				86BE05FB1D8C67C30082F0FB /* PBXTargetDependency */,
			);
			name = Assignment1UITests;
			productName = Assignment1UITests;
			productReference = 86BE05F91D8C67C30082F0FB /* Assignment1UITests.xctest */;
			productType = "com.apple.product-type.bundle.ui-testing";
		};
/* End PBXNativeTarget section */

/* Begin PBXProject section */
		86BE05D21D8C67C20082F0FB /* Project object */ = {
			isa = PBXProject;
			attributes = {
				LastSwiftUpdateCheck = 0730;
				LastUpgradeCheck = 0730;
				ORGANIZATIONNAME = "Darshan Patil";
				TargetAttributes = {
					86BE05D91D8C67C20082F0FB = {
						CreatedOnToolsVersion = 7.3.1;
					};
					86BE05ED1D8C67C30082F0FB = {
						CreatedOnToolsVersion = 7.3.1;
						TestTargetID = 86BE05D91D8C67C20082F0FB;
					};
					86BE05F81D8C67C30082F0FB = {
						CreatedOnToolsVersion = 7.3.1;
						TestTargetID = 86BE05D91D8C67C20082F0FB;
					};
				};
			};
			buildConfigurationList = 86BE05D51D8C67C20082F0FB /* Build configuration list for PBXProject "Assignment1" */;
			compatibilityVersion = "Xcode 3.2";
			developmentRegion = English;
			hasScannedForEncodings = 0;
			knownRegions = (
				en,
				Base,
			);
			mainGroup = 86BE05D11D8C67C20082F0FB;
			productRefGroup = 86BE05DB1D8C67C30082F0FB /* Products */;
			projectDirPath = "";
			projectRoot = "";
			targets = (
				86BE05D91D8C67C20082F0FB /* Assignment1 */,
				86BE05ED1D8C67C30082F0FB /* Assignment1Tests */,
				86BE05F81D8C67C30082F0FB /* Assignment1UITests */,
			);
		};
/* End PBXProject section */

/* Begin PBXResourcesBuildPhase section */
		86BE05D81D8C67C20082F0FB /* Resources */ = {
			isa = PBXResourcesBuildPhase;
			buildActionMask = 2147483647;
			files = (
				86BE05E81D8C67C30082F0FB /* LaunchScreen.storyboard in Resources */,
				86BE05E51D8C67C30082F0FB /* Assets.xcassets in Resources */,
				86BE05E31D8C67C30082F0FB /* Main.storyboard in Resources */,
			);
			runOnlyForDeploymentPostprocessing = 0;
		};
		86BE05EC1D8C67C30082F0FB /* Resources */ = {
			isa = PBXResourcesBuildPhase;
			buildActionMask = 2147483647;
			files = (
			);
			runOnlyForDeploymentPostprocessing = 0;
		};
		86BE05F71D8C67C30082F0FB /* Resources */ = {
			isa = PBXResourcesBuildPhase;
			buildActionMask = 2147483647;
			files = (
			);
			runOnlyForDeploymentPostprocessing = 0;
		};
/* End PBXResourcesBuildPhase section */

/* Begin PBXSourcesBuildPhase section */
		86BE05D61D8C67C20082F0FB /* Sources */ = {
			isa = PBXSourcesBuildPhase;
			buildActionMask = 2147483647;
			files = (
				86BE05E01D8C67C30082F0FB /* ViewController.swift in Sources */,
				86BE05DE1D8C67C30082F0FB /* AppDelegate.swift in Sources */,
			);
			runOnlyForDeploymentPostprocessing = 0;
		};
		86BE05EA1D8C67C30082F0FB /* Sources */ = {
			isa = PBXSourcesBuildPhase;
			buildActionMask = 2147483647;
			files = (
				86BE05F31D8C67C30082F0FB /* Assignment1Tests.swift in Sources */,
			);
			runOnlyForDeploymentPostprocessing = 0;
		};
		86BE05F51D8C67C30082F0FB /* Sources */ = {
			isa = PBXSourcesBuildPhase;
			buildActionMask = 2147483647;
			files = (
				86BE05FE1D8C67C30082F0FB /* Assignment1UITests.swift in Sources */,
			);
			runOnlyForDeploymentPostprocessing = 0;
		};
/* End PBXSourcesBuildPhase section */

/* Begin PBXTargetDependency section */
		86BE05F01D8C67C30082F0FB /* PBXTargetDependency */ = {
			isa = PBXTargetDependency;
			target = 86BE05D91D8C67C20082F0FB /* Assignment1 */;
			targetProxy = 86BE05EF1D8C67C30082F0FB /* PBXContainerItemProxy */;
		};
		86BE05FB1D8C67C30082F0FB /* PBXTargetDependency */ = {
			isa = PBXTargetDependency;
			target = 86BE05D91D8C67C20082F0FB /* Assignment1 */;
			targetProxy = 86BE05FA1D8C67C30082F0FB /* PBXContainerItemProxy */;
		};
/* End PBXTargetDependency section */

/* Begin PBXVariantGroup section */
		86BE05E11D8C67C30082F0FB /* Main.storyboard */ = {
			isa = PBXVariantGroup;
			children = (
				86BE05E21D8C67C30082F0FB /* Base */,
			);
			name = Main.storyboard;
			sourceTree = "<group>";
		};
		86BE05E61D8C67C30082F0FB /* LaunchScreen.storyboard */ = {
			isa = PBXVariantGroup;
			children = (
				86BE05E71D8C67C30082F0FB /* Base */,
			);
			name = LaunchScreen.storyboard;
			sourceTree = "<group>";
		};
/* End PBXVariantGroup section */

/* Begin XCBuildConfiguration section */
		86BE06001D8C67C30082F0FB /* Debug */ = {
			isa = XCBuildConfiguration;
			buildSettings = {
				ALWAYS_SEARCH_USER_PATHS = NO;
				CLANG_ANALYZER_NONNULL = YES;
				CLANG_CXX_LANGUAGE_STANDARD = "gnu++0x";
				CLANG_CXX_LIBRARY = "libc++";
				CLANG_ENABLE_MODULES = YES;
				CLANG_ENABLE_OBJC_ARC = YES;
				CLANG_WARN_BOOL_CONVERSION = YES;
				CLANG_WARN_CONSTANT_CONVERSION = YES;
				CLANG_WARN_DIRECT_OBJC_ISA_USAGE = YES_ERROR;
				CLANG_WARN_EMPTY_BODY = YES;
				CLANG_WARN_ENUM_CONVERSION = YES;
				CLANG_WARN_INT_CONVERSION = YES;
				CLANG_WARN_OBJC_ROOT_CLASS = YES_ERROR;
				CLANG_WARN_UNREACHABLE_CODE = YES;
				CLANG_WARN__DUPLICATE_METHOD_MATCH = YES;
				"CODE_SIGN_IDENTITY[sdk=iphoneos*]" = "iPhone Developer";
				COPY_PHASE_STRIP = NO;
				DEBUG_INFORMATION_FORMAT = dwarf;
				ENABLE_STRICT_OBJC_MSGSEND = YES;
				ENABLE_TESTABILITY = YES;
				GCC_C_LANGUAGE_STANDARD = gnu99;
				GCC_DYNAMIC_NO_PIC = NO;
				GCC_NO_COMMON_BLOCKS = YES;
				GCC_OPTIMIZATION_LEVEL = 0;
				GCC_PREPROCESSOR_DEFINITIONS = (
					"DEBUG=1",
					"$(inherited)",
				);
				GCC_WARN_64_TO_32_BIT_CONVERSION = YES;
				GCC_WARN_ABOUT_RETURN_TYPE = YES_ERROR;
				GCC_WARN_UNDECLARED_SELECTOR = YES;
				GCC_WARN_UNINITIALIZED_AUTOS = YES_AGGRESSIVE;
				GCC_WARN_UNUSED_FUNCTION = YES;
				GCC_WARN_UNUSED_VARIABLE = YES;
				IPHONEOS_DEPLOYMENT_TARGET = 9.3;
				MTL_ENABLE_DEBUG_INFO = YES;
				ONLY_ACTIVE_ARCH = YES;
				SDKROOT = iphoneos;
				SWIFT_OPTIMIZATION_LEVEL = "-Onone";
			};
			name = Debug;
		};
		86BE06011D8C67C30082F0FB /* Release */ = {
			isa = XCBuildConfiguration;
			buildSettings = {
				ALWAYS_SEARCH_USER_PATHS = NO;
				CLANG_ANALYZER_NONNULL = YES;
				CLANG_CXX_LANGUAGE_STANDARD = "gnu++0x";
				CLANG_CXX_LIBRARY = "libc++";
				CLANG_ENABLE_MODULES = YES;
				CLANG_ENABLE_OBJC_ARC = YES;
				CLANG_WARN_BOOL_CONVERSION = YES;
				CLANG_WARN_CONSTANT_CONVERSION = YES;
				CLANG_WARN_DIRECT_OBJC_ISA_USAGE = YES_ERROR;
				CLANG_WARN_EMPTY_BODY = YES;
				CLANG_WARN_ENUM_CONVERSION = YES;
				CLANG_WARN_INT_CONVERSION = YES;
				CLANG_WARN_OBJC_ROOT_CLASS = YES_ERROR;
				CLANG_WARN_UNREACHABLE_CODE = YES;
				CLANG_WARN__DUPLICATE_METHOD_MATCH = YES;
				"CODE_SIGN_IDENTITY[sdk=iphoneos*]" = "iPhone Developer";
				COPY_PHASE_STRIP = NO;
				DEBUG_INFORMATION_FORMAT = "dwarf-with-dsym";
				ENABLE_NS_ASSERTIONS = NO;
				ENABLE_STRICT_OBJC_MSGSEND = YES;
				GCC_C_LANGUAGE_STANDARD = gnu99;
				GCC_NO_COMMON_BLOCKS = YES;
				GCC_WARN_64_TO_32_BIT_CONVERSION = YES;
				GCC_WARN_ABOUT_RETURN_TYPE = YES_ERROR;
				GCC_WARN_UNDECLARED_SELECTOR = YES;
				GCC_WARN_UNINITIALIZED_AUTOS = YES_AGGRESSIVE;
				GCC_WARN_UNUSED_FUNCTION = YES;
				GCC_WARN_UNUSED_VARIABLE = YES;
				IPHONEOS_DEPLOYMENT_TARGET = 9.3;
				MTL_ENABLE_DEBUG_INFO = NO;
				SDKROOT = iphoneos;
				VALIDATE_PRODUCT = YES;
			};
			name = Release;
		};
		86BE06031D8C67C30082F0FB /* Debug */ = {
			isa = XCBuildConfiguration;
			buildSettings = {
				ASSETCATALOG_COMPILER_APPICON_NAME = AppIcon;
				INFOPLIST_FILE = Assignment1/Info.plist;
				LD_RUNPATH_SEARCH_PATHS = "$(inherited) @executable_path/Frameworks";
				PRODUCT_BUNDLE_IDENTIFIER = com.niu.z1779946.Assignment1;
				PRODUCT_NAME = "$(TARGET_NAME)";
			};
			name = Debug;
		};
		86BE06041D8C67C30082F0FB /* Release */ = {
			isa = XCBuildConfiguration;
			buildSettings = {
				ASSETCATALOG_COMPILER_APPICON_NAME = AppIcon;
				INFOPLIST_FILE = Assignment1/Info.plist;
				LD_RUNPATH_SEARCH_PATHS = "$(inherited) @executable_path/Frameworks";
				PRODUCT_BUNDLE_IDENTIFIER = com.niu.z1779946.Assignment1;
				PRODUCT_NAME = "$(TARGET_NAME)";
			};
			name = Release;
		};
		86BE06061D8C67C30082F0FB /* Debug */ = {
			isa = XCBuildConfiguration;
			buildSettings = {
				BUNDLE_LOADER = "$(TEST_HOST)";
				INFOPLIST_FILE = Assignment1Tests/Info.plist;
				LD_RUNPATH_SEARCH_PATHS = "$(inherited) @executable_path/Frameworks @loader_path/Frameworks";
				PRODUCT_BUNDLE_IDENTIFIER = com.niu.z1779946.Assignment1Tests;
				PRODUCT_NAME = "$(TARGET_NAME)";
				TEST_HOST = "$(BUILT_PRODUCTS_DIR)/Assignment1.app/Assignment1";
			};
			name = Debug;
		};
		86BE06071D8C67C30082F0FB /* Release */ = {
			isa = XCBuildConfiguration;
			buildSettings = {
				BUNDLE_LOADER = "$(TEST_HOST)";
				INFOPLIST_FILE = Assignment1Tests/Info.plist;
				LD_RUNPATH_SEARCH_PATHS = "$(inherited) @executable_path/Frameworks @loader_path/Frameworks";
				PRODUCT_BUNDLE_IDENTIFIER = com.niu.z1779946.Assignment1Tests;
				PRODUCT_NAME = "$(TARGET_NAME)";
				TEST_HOST = "$(BUILT_PRODUCTS_DIR)/Assignment1.app/Assignment1";
			};
			name = Release;
		};
		86BE06091D8C67C30082F0FB /* Debug */ = {
			isa = XCBuildConfiguration;
			buildSettings = {
				INFOPLIST_FILE = Assignment1UITests/Info.plist;
				LD_RUNPATH_SEARCH_PATHS = "$(inherited) @executable_path/Frameworks @loader_path/Frameworks";
				PRODUCT_BUNDLE_IDENTIFIER = com.niu.z1779946.Assignment1UITests;
				PRODUCT_NAME = "$(TARGET_NAME)";
				TEST_TARGET_NAME = Assignment1;
			};
			name = Debug;
		};
		86BE060A1D8C67C30082F0FB /* Release */ = {
			isa = XCBuildConfiguration;
			buildSettings = {
				INFOPLIST_FILE = Assignment1UITests/Info.plist;
				LD_RUNPATH_SEARCH_PATHS = "$(inherited) @executable_path/Frameworks @loader_path/Frameworks";
				PRODUCT_BUNDLE_IDENTIFIER = com.niu.z1779946.Assignment1UITests;
				PRODUCT_NAME = "$(TARGET_NAME)";
				TEST_TARGET_NAME = Assignment1;
			};
			name = Release;
		};
/* End XCBuildConfiguration section */

/* Begin XCConfigurationList section */
		86BE05D51D8C67C20082F0FB /* Build configuration list for PBXProject "Assignment1" */ = {
			isa = XCConfigurationList;
			buildConfigurations = (
				86BE06001D8C67C30082F0FB /* Debug */,
				86BE06011D8C67C30082F0FB /* Release */,
			);
			defaultConfigurationIsVisible = 0;
			defaultConfigurationName = Release;
		};
		86BE06021D8C67C30082F0FB /* Build configuration list for PBXNativeTarget "Assignment1" */ = {
			isa = XCConfigurationList;
			buildConfigurations = (
				86BE06031D8C67C30082F0FB /* Debug */,
				86BE06041D8C67C30082F0FB /* Release */,
			);
			defaultConfigurationIsVisible = 0;
		};
		86BE06051D8C67C30082F0FB /* Build configuration list for PBXNativeTarget "Assignment1Tests" */ = {
			isa = XCConfigurationList;
			buildConfigurations = (
				86BE06061D8C67C30082F0FB /* Debug */,
				86BE06071D8C67C30082F0FB /* Release */,
			);
			defaultConfigurationIsVisible = 0;
		};
		86BE06081D8C67C30082F0FB /* Build configuration list for PBXNativeTarget "Assignment1UITests" */ = {
			isa = XCConfigurationList;
			buildConfigurations = (
				86BE06091D8C67C30082F0FB /* Debug */,
				86BE060A1D8C67C30082F0FB /* Release */,
			);
			defaultConfigurationIsVisible = 0;
		};
/* End XCConfigurationList section */
	};
	rootObject = 86BE05D21D8C67C20082F0FB /* Project object */;
}
